
Microsoft Visual Studio Solution File, Format Version 12.00
# Visual Studio 2012
Project("{FAE04EC0-301F-11D3-BF4B-00C04F79EFBC}") = "backend", "backend.csproj", "{D6ECC029-2154-41DD-980B-4D1F487E875C}"
EndProject
Project("{FAE04EC0-301F-11D3-BF4B-00C04F79EFBC}") = "backend.Tests", "backend.Tests\backend.Tests.csproj", "{1952BE7A-B291-498D-BA5C-69B073798F59}"
EndProject
Global
	GlobalSection(SolutionConfigurationPlatforms) = preSolution
		Debug|Any CPU = Debug|Any CPU
		Release|Any CPU = Release|Any CPU
	EndGlobalSection
	GlobalSection(ProjectConfigurationPlatforms) = postSolution
		{D6ECC029-2154-41DD-980B-4D1F487E875C}.Debug|Any CPU.ActiveCfg = Debug|Any CPU
		{D6ECC029-2154-41DD-980B-4D1F487E875C}.Debug|Any CPU.Build.0 = Debug|Any CPU
		{D6ECC029-2154-41DD-980B-4D1F487E875C}.Release|Any CPU.ActiveCfg = Release|Any CPU
		{D6ECC029-2154-41DD-980B-4D1F487E875C}.Release|Any CPU.Build.0 = Release|Any CPU
		{1952BE7A-B291-498D-BA5C-69B073798F59}.Debug|Any CPU.ActiveCfg = Debug|Any CPU
		{1952BE7A-B291-498D-BA5C-69B073798F59}.Debug|Any CPU.Build.0 = Debug|Any CPU
		{1952BE7A-B291-498D-BA5C-69B073798F59}.Release|Any CPU.ActiveCfg = Release|Any CPU
		{1952BE7A-B291-498D-BA5C-69B073798F59}.Release|Any CPU.Build.0 = Release|Any CPU
	EndGlobalSection
EndGlobal
